
Microsoft Visual Studio Solution File, Format Version 12.00
# Visual Studio Version 17
VisualStudioVersion = 17.4.33110.190
MinimumVisualStudioVersion = 10.0.40219.1
Project("{9A19103F-16F7-4668-BE54-9A1E7A4F7556}") = "RazorPlayground.Web", "RazorPlayground.Web\RazorPlayground.Web.csproj", "{38C5FC00-8DFC-440E-AFBE-44D62B1D1AE9}"
EndProject
Project("{9A19103F-16F7-4668-BE54-9A1E7A4F7556}") = "RazorPlayground.Customer", "RazorPlayground.Customer\RazorPlayground.Customer.csproj", "{D9D42A38-889D-4B20-9FDB-C37F0B5EF39C}"
EndProject
Project("{2150E333-8FDC-42A3-9474-1A3956D46DE8}") = "Infrastructure", "Infrastructure", "{9E309A0A-9562-4631-88CF-858EDCDDA31D}"
EndProject
Project("{FAE04EC0-301F-11D3-BF4B-00C04F79EFBC}") = "RazorPlayground.Services", "RazorPlayground.Services\RazorPlayground.Services.csproj", "{B178F218-4544-470B-AF9D-C97D8015D2BF}"
EndProject
Project("{FAE04EC0-301F-11D3-BF4B-00C04F79EFBC}") = "RazorPlayground.Application", "RazorPlayground.Application\RazorPlayground.Application.csproj", "{64F9423C-E800-4E33-A1D3-ACD1EC88523A}"
EndProject
Project("{FAE04EC0-301F-11D3-BF4B-00C04F79EFBC}") = "RazorPlayground.Common", "RazorPlayground.Common\RazorPlayground.Common.csproj", "{1E4807DC-DC23-4C92-BC65-E56527101D3D}"
EndProject
Global
	GlobalSection(SolutionConfigurationPlatforms) = preSolution
		Debug|Any CPU = Debug|Any CPU
		Release|Any CPU = Release|Any CPU
	EndGlobalSection
	GlobalSection(ProjectConfigurationPlatforms) = postSolution
		{38C5FC00-8DFC-440E-AFBE-44D62B1D1AE9}.Debug|Any CPU.ActiveCfg = Debug|Any CPU
		{38C5FC00-8DFC-440E-AFBE-44D62B1D1AE9}.Debug|Any CPU.Build.0 = Debug|Any CPU
		{38C5FC00-8DFC-440E-AFBE-44D62B1D1AE9}.Release|Any CPU.ActiveCfg = Release|Any CPU
		{38C5FC00-8DFC-440E-AFBE-44D62B1D1AE9}.Release|Any CPU.Build.0 = Release|Any CPU
		{D9D42A38-889D-4B20-9FDB-C37F0B5EF39C}.Debug|Any CPU.ActiveCfg = Debug|Any CPU
		{D9D42A38-889D-4B20-9FDB-C37F0B5EF39C}.Debug|Any CPU.Build.0 = Debug|Any CPU
		{D9D42A38-889D-4B20-9FDB-C37F0B5EF39C}.Release|Any CPU.ActiveCfg = Release|Any CPU
		{D9D42A38-889D-4B20-9FDB-C37F0B5EF39C}.Release|Any CPU.Build.0 = Release|Any CPU
		{B178F218-4544-470B-AF9D-C97D8015D2BF}.Debug|Any CPU.ActiveCfg = Debug|Any CPU
		{B178F218-4544-470B-AF9D-C97D8015D2BF}.Debug|Any CPU.Build.0 = Debug|Any CPU
		{B178F218-4544-470B-AF9D-C97D8015D2BF}.Release|Any CPU.ActiveCfg = Release|Any CPU
		{B178F218-4544-470B-AF9D-C97D8015D2BF}.Release|Any CPU.Build.0 = Release|Any CPU
		{64F9423C-E800-4E33-A1D3-ACD1EC88523A}.Debug|Any CPU.ActiveCfg = Debug|Any CPU
		{64F9423C-E800-4E33-A1D3-ACD1EC88523A}.Debug|Any CPU.Build.0 = Debug|Any CPU
		{64F9423C-E800-4E33-A1D3-ACD1EC88523A}.Release|Any CPU.ActiveCfg = Release|Any CPU
		{64F9423C-E800-4E33-A1D3-ACD1EC88523A}.Release|Any CPU.Build.0 = Release|Any CPU
		{1E4807DC-DC23-4C92-BC65-E56527101D3D}.Debug|Any CPU.ActiveCfg = Debug|Any CPU
		{1E4807DC-DC23-4C92-BC65-E56527101D3D}.Debug|Any CPU.Build.0 = Debug|Any CPU
		{1E4807DC-DC23-4C92-BC65-E56527101D3D}.Release|Any CPU.ActiveCfg = Release|Any CPU
		{1E4807DC-DC23-4C92-BC65-E56527101D3D}.Release|Any CPU.Build.0 = Release|Any CPU
	EndGlobalSection
	GlobalSection(SolutionProperties) = preSolution
		HideSolutionNode = FALSE
	EndGlobalSection
	GlobalSection(NestedProjects) = preSolution
		{B178F218-4544-470B-AF9D-C97D8015D2BF} = {9E309A0A-9562-4631-88CF-858EDCDDA31D}
		{1E4807DC-DC23-4C92-BC65-E56527101D3D} = {9E309A0A-9562-4631-88CF-858EDCDDA31D}
	EndGlobalSection
	GlobalSection(ExtensibilityGlobals) = postSolution
		SolutionGuid = {610AB9DF-2E2D-4D07-8B05-5B86A9BA5B5F}
	EndGlobalSection
EndGlobal
